
Microsoft Visual Studio Solution File, Format Version 12.00
# Visual Studio Version 16
VisualStudioVersion = 16.0.29001.49
MinimumVisualStudioVersion = 10.0.40219.1
Project("{FAE04EC0-301F-11D3-BF4B-00C04F79EFBC}") = "LogoSharp.Main", "LogoSharp.Main\LogoSharp.Main.csproj", "{C8F85793-BA64-4357-8259-858B5C81F4FF}"
EndProject
Project("{FAE04EC0-301F-11D3-BF4B-00C04F79EFBC}") = "LogoSharp.Drawing", "LogoSharp.Drawing\LogoSharp.Drawing.csproj", "{F5CC8070-080F-4E9E-9142-EF695A5F188B}"
EndProject
Project("{FAE04EC0-301F-11D3-BF4B-00C04F79EFBC}") = "LogoSharp", "LogoSharp\LogoSharp.csproj", "{414A5F7C-CA92-4CA7-8753-DE1DD140C3DF}"
EndProject
Global
	GlobalSection(SolutionConfigurationPlatforms) = preSolution
		Debug|Any CPU = Debug|Any CPU
		Release|Any CPU = Release|Any CPU
	EndGlobalSection
	GlobalSection(ProjectConfigurationPlatforms) = postSolution
		{C8F85793-BA64-4357-8259-858B5C81F4FF}.Debug|Any CPU.ActiveCfg = Debug|Any CPU
		{C8F85793-BA64-4357-8259-858B5C81F4FF}.Debug|Any CPU.Build.0 = Debug|Any CPU
		{C8F85793-BA64-4357-8259-858B5C81F4FF}.Release|Any CPU.ActiveCfg = Release|Any CPU
		{C8F85793-BA64-4357-8259-858B5C81F4FF}.Release|Any CPU.Build.0 = Release|Any CPU
		{F5CC8070-080F-4E9E-9142-EF695A5F188B}.Debug|Any CPU.ActiveCfg = Debug|Any CPU
		{F5CC8070-080F-4E9E-9142-EF695A5F188B}.Debug|Any CPU.Build.0 = Debug|Any CPU
		{F5CC8070-080F-4E9E-9142-EF695A5F188B}.Release|Any CPU.ActiveCfg = Release|Any CPU
		{F5CC8070-080F-4E9E-9142-EF695A5F188B}.Release|Any CPU.Build.0 = Release|Any CPU
		{414A5F7C-CA92-4CA7-8753-DE1DD140C3DF}.Debug|Any CPU.ActiveCfg = Debug|Any CPU
		{414A5F7C-CA92-4CA7-8753-DE1DD140C3DF}.Debug|Any CPU.Build.0 = Debug|Any CPU
		{414A5F7C-CA92-4CA7-8753-DE1DD140C3DF}.Release|Any CPU.ActiveCfg = Release|Any CPU
		{414A5F7C-CA92-4CA7-8753-DE1DD140C3DF}.Release|Any CPU.Build.0 = Release|Any CPU
	EndGlobalSection
	GlobalSection(SolutionProperties) = preSolution
		HideSolutionNode = FALSE
	EndGlobalSection
	GlobalSection(ExtensibilityGlobals) = postSolution
		SolutionGuid = {733F61D4-F352-477C-9F8A-DA1477371493}
	EndGlobalSection
EndGlobal
