
Microsoft Visual Studio Solution File, Format Version 12.00
# Visual Studio 15
VisualStudioVersion = 15.0.26730.16
MinimumVisualStudioVersion = 10.0.40219.1
Project("{FAE04EC0-301F-11D3-BF4B-00C04F79EFBC}") = "LogoSharp", "LogoSharp\LogoSharp.csproj", "{6B09FB57-67CE-44B6-8987-E4178729E5FF}"
EndProject
Project("{FAE04EC0-301F-11D3-BF4B-00C04F79EFBC}") = "LogoSharp.Main", "LogoSharp.Main\LogoSharp.Main.csproj", "{C8F85793-BA64-4357-8259-858B5C81F4FF}"
EndProject
Global
	GlobalSection(SolutionConfigurationPlatforms) = preSolution
		Debug|Any CPU = Debug|Any CPU
		Release|Any CPU = Release|Any CPU
	EndGlobalSection
	GlobalSection(ProjectConfigurationPlatforms) = postSolution
		{6B09FB57-67CE-44B6-8987-E4178729E5FF}.Debug|Any CPU.ActiveCfg = Debug|Any CPU
		{6B09FB57-67CE-44B6-8987-E4178729E5FF}.Debug|Any CPU.Build.0 = Debug|Any CPU
		{6B09FB57-67CE-44B6-8987-E4178729E5FF}.Release|Any CPU.ActiveCfg = Release|Any CPU
		{6B09FB57-67CE-44B6-8987-E4178729E5FF}.Release|Any CPU.Build.0 = Release|Any CPU
		{C8F85793-BA64-4357-8259-858B5C81F4FF}.Debug|Any CPU.ActiveCfg = Debug|Any CPU
		{C8F85793-BA64-4357-8259-858B5C81F4FF}.Debug|Any CPU.Build.0 = Debug|Any CPU
		{C8F85793-BA64-4357-8259-858B5C81F4FF}.Release|Any CPU.ActiveCfg = Release|Any CPU
		{C8F85793-BA64-4357-8259-858B5C81F4FF}.Release|Any CPU.Build.0 = Release|Any CPU
	EndGlobalSection
	GlobalSection(SolutionProperties) = preSolution
		HideSolutionNode = FALSE
	EndGlobalSection
	GlobalSection(ExtensibilityGlobals) = postSolution
		SolutionGuid = {733F61D4-F352-477C-9F8A-DA1477371493}
	EndGlobalSection
EndGlobal
